// !$*UTF8*$!
{
	archiveVersion = 1;
	classes = {
	};
	objectVersion = 46;
	objects = {

/* Begin PBXBuildFile section */
		9704D18114EE9A240035FE25 /* 19-gear.png in Resources */ = {isa = PBXBuildFile; fileRef = 9704D17B14EE9A240035FE25 /* 19-gear.png */; };
		9704D18214EE9A240035FE25 /* 19-gear@2x.png in Resources */ = {isa = PBXBuildFile; fileRef = 9704D17C14EE9A240035FE25 /* 19-gear@2x.png */; };
		9704D18314EE9A240035FE25 /* 78-stopwatch.png in Resources */ = {isa = PBXBuildFile; fileRef = 9704D17D14EE9A240035FE25 /* 78-stopwatch.png */; };
		9704D18414EE9A240035FE25 /* 78-stopwatch@2x.png in Resources */ = {isa = PBXBuildFile; fileRef = 9704D17E14EE9A240035FE25 /* 78-stopwatch@2x.png */; };
		9704D18514EE9A240035FE25 /* 166-newspaper.png in Resources */ = {isa = PBXBuildFile; fileRef = 9704D17F14EE9A240035FE25 /* 166-newspaper.png */; };
		9704D18614EE9A240035FE25 /* 166-newspaper@2x.png in Resources */ = {isa = PBXBuildFile; fileRef = 9704D18014EE9A240035FE25 /* 166-newspaper@2x.png */; };
		9704D18814EE9C0A0035FE25 /* 80-shopping-cart@2x.png in Resources */ = {isa = PBXBuildFile; fileRef = 9704D18714EE9C0A0035FE25 /* 80-shopping-cart@2x.png */; };
		9704D18A14EE9C130035FE25 /* 80-shopping-cart.png in Resources */ = {isa = PBXBuildFile; fileRef = 9704D18914EE9C130035FE25 /* 80-shopping-cart.png */; };
		9799E75114EE687900002D70 /* UIKit.framework in Frameworks */ = {isa = PBXBuildFile; fileRef = 9799E75014EE687900002D70 /* UIKit.framework */; };
		9799E75314EE687900002D70 /* Foundation.framework in Frameworks */ = {isa = PBXBuildFile; fileRef = 9799E75214EE687900002D70 /* Foundation.framework */; };
		9799E75514EE687900002D70 /* CoreGraphics.framework in Frameworks */ = {isa = PBXBuildFile; fileRef = 9799E75414EE687900002D70 /* CoreGraphics.framework */; };
		9799E75B14EE687900002D70 /* InfoPlist.strings in Resources */ = {isa = PBXBuildFile; fileRef = 9799E75914EE687900002D70 /* InfoPlist.strings */; };
		9799E75D14EE687900002D70 /* main.m in Sources */ = {isa = PBXBuildFile; fileRef = 9799E75C14EE687900002D70 /* main.m */; };
		B005765A14F7B21200B1F03D /* SettingStore.m in Sources */ = {isa = PBXBuildFile; fileRef = B005765914F7B21200B1F03D /* SettingStore.m */; };
		B04C8A2315A6E3080076D01F /* TemplateThemeController.m in Sources */ = {isa = PBXBuildFile; fileRef = B04C8A2215A6E3080076D01F /* TemplateThemeController.m */; };
		B04C8A2715A6E5A70076D01F /* PenguinOneThemeController.m in Sources */ = {isa = PBXBuildFile; fileRef = B04C8A2515A6E5A60076D01F /* PenguinOneThemeController.m */; };
		B04C8A2815A6E5A70076D01F /* PenguinOneThemeController.xib in Resources */ = {isa = PBXBuildFile; fileRef = B04C8A2615A6E5A60076D01F /* PenguinOneThemeController.xib */; };
		B04C8A2D15A6E9E10076D01F /* ThemeLoader.m in Sources */ = {isa = PBXBuildFile; fileRef = B04C8A2C15A6E9E10076D01F /* ThemeLoader.m */; };
		F1503C3E15961A440061D6C3 /* SettingsController_title.m in Sources */ = {isa = PBXBuildFile; fileRef = F1503C3C15961A440061D6C3 /* SettingsController_title.m */; };
		F1503C3F15961A440061D6C3 /* SettingsController_title.xib in Resources */ = {isa = PBXBuildFile; fileRef = F1503C3D15961A440061D6C3 /* SettingsController_title.xib */; };
		F1503C4315961A6D0061D6C3 /* SettingsController_url.m in Sources */ = {isa = PBXBuildFile; fileRef = F1503C4115961A6D0061D6C3 /* SettingsController_url.m */; };
		F1503C4415961A6D0061D6C3 /* SettingsController_url.xib in Resources */ = {isa = PBXBuildFile; fileRef = F1503C4215961A6D0061D6C3 /* SettingsController_url.xib */; };
		F17FA3BA159CA5A400BAE623 /* SettingsController_time.m in Sources */ = {isa = PBXBuildFile; fileRef = F17FA3B8159CA5A400BAE623 /* SettingsController_time.m */; };
		F17FA3BB159CA5A400BAE623 /* SettingsController_time.xib in Resources */ = {isa = PBXBuildFile; fileRef = F17FA3B9159CA5A400BAE623 /* SettingsController_time.xib */; };
		F19714661595EFF80045B85B /* ForthViewController.m in Sources */ = {isa = PBXBuildFile; fileRef = F19714641595EFF80045B85B /* ForthViewController.m */; };
		F19714671595EFF80045B85B /* ForthViewController.xib in Resources */ = {isa = PBXBuildFile; fileRef = F19714651595EFF80045B85B /* ForthViewController.xib */; };
		F1989CE1159F0DB400831A16 /* buttonbg_red.png in Resources */ = {isa = PBXBuildFile; fileRef = F1989CE0159F0DB400831A16 /* buttonbg_red.png */; };
		F1AC56211596147400F6A883 /* SettingsController_date.m in Sources */ = {isa = PBXBuildFile; fileRef = F1AC561F1596147300F6A883 /* SettingsController_date.m */; };
		F1AC56221596147400F6A883 /* SettingsController_date.xib in Resources */ = {isa = PBXBuildFile; fileRef = F1AC56201596147300F6A883 /* SettingsController_date.xib */; };
		F1B696641595BE3C00FC6707 /* QuartzCore.framework in Frameworks */ = {isa = PBXBuildFile; fileRef = F1B696631595BE3C00FC6707 /* QuartzCore.framework */; };
		F1B696701595CEAC00FC6707 /* LeftController.m in Sources */ = {isa = PBXBuildFile; fileRef = F1B696681595CEAC00FC6707 /* LeftController.m */; };
		F1B696721595CEAC00FC6707 /* AppDelegate.m in Sources */ = {isa = PBXBuildFile; fileRef = F1B6966C1595CEAC00FC6707 /* AppDelegate.m */; };
		F1B696731595CEAC00FC6707 /* DDMenuController.m in Sources */ = {isa = PBXBuildFile; fileRef = F1B6966E1595CEAC00FC6707 /* DDMenuController.m */; };
		F1B696751595D64B00FC6707 /* nav_menu_icon@2x.png in Resources */ = {isa = PBXBuildFile; fileRef = F1B696741595D64B00FC6707 /* nav_menu_icon@2x.png */; };
		F1B696791595D7F300FC6707 /* MainController.m in Sources */ = {isa = PBXBuildFile; fileRef = F1B696771595D7F300FC6707 /* MainController.m */; };
		F1B6967A1595D7F300FC6707 /* MainController.xib in Resources */ = {isa = PBXBuildFile; fileRef = F1B696781595D7F300FC6707 /* MainController.xib */; };
		F1BA2DAD1599F4AC00F722DE /* SettingSelectorController.m in Sources */ = {isa = PBXBuildFile; fileRef = F1BA2DAB1599F4AC00F722DE /* SettingSelectorController.m */; };
		F1BA2DAE1599F4AC00F722DE /* SettingSelectorController.xib in Resources */ = {isa = PBXBuildFile; fileRef = F1BA2DAC1599F4AC00F722DE /* SettingSelectorController.xib */; };
		F1BA2DB5159A08D800F722DE /* GlobalStore.m in Sources */ = {isa = PBXBuildFile; fileRef = F1BA2DB4159A08D800F722DE /* GlobalStore.m */; };
		F1E6CB2D159CA88700BA2BD1 /* SettingsController.m in Sources */ = {isa = PBXBuildFile; fileRef = F1E6CB2C159CA88700BA2BD1 /* SettingsController.m */; };
/* End PBXBuildFile section */

/* Begin PBXFileReference section */
		9704D17B14EE9A240035FE25 /* 19-gear.png */ = {isa = PBXFileReference; lastKnownFileType = image.png; path = "19-gear.png"; sourceTree = "<group>"; };
		9704D17C14EE9A240035FE25 /* 19-gear@2x.png */ = {isa = PBXFileReference; lastKnownFileType = image.png; path = "19-gear@2x.png"; sourceTree = "<group>"; };
		9704D17D14EE9A240035FE25 /* 78-stopwatch.png */ = {isa = PBXFileReference; lastKnownFileType = image.png; path = "78-stopwatch.png"; sourceTree = "<group>"; };
		9704D17E14EE9A240035FE25 /* 78-stopwatch@2x.png */ = {isa = PBXFileReference; lastKnownFileType = image.png; path = "78-stopwatch@2x.png"; sourceTree = "<group>"; };
		9704D17F14EE9A240035FE25 /* 166-newspaper.png */ = {isa = PBXFileReference; lastKnownFileType = image.png; path = "166-newspaper.png"; sourceTree = "<group>"; };
		9704D18014EE9A240035FE25 /* 166-newspaper@2x.png */ = {isa = PBXFileReference; lastKnownFileType = image.png; path = "166-newspaper@2x.png"; sourceTree = "<group>"; };
		9704D18714EE9C0A0035FE25 /* 80-shopping-cart@2x.png */ = {isa = PBXFileReference; lastKnownFileType = image.png; path = "80-shopping-cart@2x.png"; sourceTree = "<group>"; };
		9704D18914EE9C130035FE25 /* 80-shopping-cart.png */ = {isa = PBXFileReference; lastKnownFileType = image.png; path = "80-shopping-cart.png"; sourceTree = "<group>"; };
		97766E8D14EF4563003FE71F /* GADBannerView.h */ = {isa = PBXFileReference; fileEncoding = 4; lastKnownFileType = sourcecode.c.h; name = GADBannerView.h; path = countdown/GADBannerView.h; sourceTree = "<group>"; };
		97766E8E14EF4563003FE71F /* GADBannerViewDelegate.h */ = {isa = PBXFileReference; fileEncoding = 4; lastKnownFileType = sourcecode.c.h; name = GADBannerViewDelegate.h; path = countdown/GADBannerViewDelegate.h; sourceTree = "<group>"; };
		97766E8F14EF4563003FE71F /* GADInterstitial.h */ = {isa = PBXFileReference; fileEncoding = 4; lastKnownFileType = sourcecode.c.h; name = GADInterstitial.h; path = countdown/GADInterstitial.h; sourceTree = "<group>"; };
		97766E9014EF4563003FE71F /* GADInterstitialDelegate.h */ = {isa = PBXFileReference; fileEncoding = 4; lastKnownFileType = sourcecode.c.h; name = GADInterstitialDelegate.h; path = countdown/GADInterstitialDelegate.h; sourceTree = "<group>"; };
		97766E9114EF4563003FE71F /* GADRequest.h */ = {isa = PBXFileReference; fileEncoding = 4; lastKnownFileType = sourcecode.c.h; name = GADRequest.h; path = countdown/GADRequest.h; sourceTree = "<group>"; };
		97766E9214EF4563003FE71F /* GADRequestError.h */ = {isa = PBXFileReference; fileEncoding = 4; lastKnownFileType = sourcecode.c.h; name = GADRequestError.h; path = countdown/GADRequestError.h; sourceTree = "<group>"; };
		9799E74C14EE687900002D70 /* countdown.app */ = {isa = PBXFileReference; explicitFileType = wrapper.application; includeInIndex = 0; path = countdown.app; sourceTree = BUILT_PRODUCTS_DIR; };
		9799E75014EE687900002D70 /* UIKit.framework */ = {isa = PBXFileReference; lastKnownFileType = wrapper.framework; name = UIKit.framework; path = System/Library/Frameworks/UIKit.framework; sourceTree = SDKROOT; };
		9799E75214EE687900002D70 /* Foundation.framework */ = {isa = PBXFileReference; lastKnownFileType = wrapper.framework; name = Foundation.framework; path = System/Library/Frameworks/Foundation.framework; sourceTree = SDKROOT; };
		9799E75414EE687900002D70 /* CoreGraphics.framework */ = {isa = PBXFileReference; lastKnownFileType = wrapper.framework; name = CoreGraphics.framework; path = System/Library/Frameworks/CoreGraphics.framework; sourceTree = SDKROOT; };
		9799E75814EE687900002D70 /* countdown-Info.plist */ = {isa = PBXFileReference; lastKnownFileType = text.plist.xml; path = "countdown-Info.plist"; sourceTree = "<group>"; };
		9799E75A14EE687900002D70 /* en */ = {isa = PBXFileReference; lastKnownFileType = text.plist.strings; name = en; path = en.lproj/InfoPlist.strings; sourceTree = "<group>"; };
		9799E75C14EE687900002D70 /* main.m */ = {isa = PBXFileReference; lastKnownFileType = sourcecode.c.objc; path = main.m; sourceTree = "<group>"; };
		9799E75E14EE687900002D70 /* countdown-Prefix.pch */ = {isa = PBXFileReference; lastKnownFileType = sourcecode.c.h; path = "countdown-Prefix.pch"; sourceTree = "<group>"; };
		9799E76314EE687900002D70 /* en */ = {isa = PBXFileReference; lastKnownFileType = file.storyboard; name = en; path = en.lproj/OldStoryboard.storyboard; sourceTree = "<group>"; };
		9799E77914EE687A00002D70 /* SenTestingKit.framework */ = {isa = PBXFileReference; lastKnownFileType = wrapper.framework; name = SenTestingKit.framework; path = Library/Frameworks/SenTestingKit.framework; sourceTree = DEVELOPER_DIR; };
		B005765814F7B21200B1F03D /* SettingStore.h */ = {isa = PBXFileReference; fileEncoding = 4; lastKnownFileType = sourcecode.c.h; path = SettingStore.h; sourceTree = "<group>"; };
		B005765914F7B21200B1F03D /* SettingStore.m */ = {isa = PBXFileReference; fileEncoding = 4; lastKnownFileType = sourcecode.c.objc; path = SettingStore.m; sourceTree = "<group>"; };
		B04C8A2115A6E3080076D01F /* TemplateThemeController.h */ = {isa = PBXFileReference; fileEncoding = 4; lastKnownFileType = sourcecode.c.h; name = TemplateThemeController.h; path = ../TemplateThemeController.h; sourceTree = "<group>"; };
		B04C8A2215A6E3080076D01F /* TemplateThemeController.m */ = {isa = PBXFileReference; fileEncoding = 4; lastKnownFileType = sourcecode.c.objc; name = TemplateThemeController.m; path = ../TemplateThemeController.m; sourceTree = "<group>"; };
		B04C8A2415A6E5A60076D01F /* PenguinOneThemeController.h */ = {isa = PBXFileReference; fileEncoding = 4; lastKnownFileType = sourcecode.c.h; path = PenguinOneThemeController.h; sourceTree = "<group>"; };
		B04C8A2515A6E5A60076D01F /* PenguinOneThemeController.m */ = {isa = PBXFileReference; fileEncoding = 4; lastKnownFileType = sourcecode.c.objc; path = PenguinOneThemeController.m; sourceTree = "<group>"; };
		B04C8A2615A6E5A60076D01F /* PenguinOneThemeController.xib */ = {isa = PBXFileReference; fileEncoding = 4; lastKnownFileType = file.xib; path = PenguinOneThemeController.xib; sourceTree = "<group>"; };
		B04C8A2B15A6E9E00076D01F /* ThemeLoader.h */ = {isa = PBXFileReference; fileEncoding = 4; lastKnownFileType = sourcecode.c.h; path = ThemeLoader.h; sourceTree = "<group>"; };
		B04C8A2C15A6E9E10076D01F /* ThemeLoader.m */ = {isa = PBXFileReference; fileEncoding = 4; lastKnownFileType = sourcecode.c.objc; path = ThemeLoader.m; sourceTree = "<group>"; };
		F1503C3B15961A440061D6C3 /* SettingsController_title.h */ = {isa = PBXFileReference; fileEncoding = 4; lastKnownFileType = sourcecode.c.h; path = SettingsController_title.h; sourceTree = "<group>"; };
		F1503C3C15961A440061D6C3 /* SettingsController_title.m */ = {isa = PBXFileReference; fileEncoding = 4; lastKnownFileType = sourcecode.c.objc; path = SettingsController_title.m; sourceTree = "<group>"; };
		F1503C3D15961A440061D6C3 /* SettingsController_title.xib */ = {isa = PBXFileReference; fileEncoding = 4; lastKnownFileType = file.xib; path = SettingsController_title.xib; sourceTree = "<group>"; };
		F1503C4015961A6D0061D6C3 /* SettingsController_url.h */ = {isa = PBXFileReference; fileEncoding = 4; lastKnownFileType = sourcecode.c.h; path = SettingsController_url.h; sourceTree = "<group>"; };
		F1503C4115961A6D0061D6C3 /* SettingsController_url.m */ = {isa = PBXFileReference; fileEncoding = 4; lastKnownFileType = sourcecode.c.objc; path = SettingsController_url.m; sourceTree = "<group>"; };
		F1503C4215961A6D0061D6C3 /* SettingsController_url.xib */ = {isa = PBXFileReference; fileEncoding = 4; lastKnownFileType = file.xib; path = SettingsController_url.xib; sourceTree = "<group>"; };
		F17FA3B7159CA5A400BAE623 /* SettingsController_time.h */ = {isa = PBXFileReference; fileEncoding = 4; lastKnownFileType = sourcecode.c.h; path = SettingsController_time.h; sourceTree = "<group>"; };
		F17FA3B8159CA5A400BAE623 /* SettingsController_time.m */ = {isa = PBXFileReference; fileEncoding = 4; lastKnownFileType = sourcecode.c.objc; path = SettingsController_time.m; sourceTree = "<group>"; };
		F17FA3B9159CA5A400BAE623 /* SettingsController_time.xib */ = {isa = PBXFileReference; fileEncoding = 4; lastKnownFileType = file.xib; path = SettingsController_time.xib; sourceTree = "<group>"; };
		F19714631595EFF80045B85B /* ForthViewController.h */ = {isa = PBXFileReference; fileEncoding = 4; lastKnownFileType = sourcecode.c.h; path = ForthViewController.h; sourceTree = "<group>"; };
		F19714641595EFF80045B85B /* ForthViewController.m */ = {isa = PBXFileReference; fileEncoding = 4; lastKnownFileType = sourcecode.c.objc; path = ForthViewController.m; sourceTree = "<group>"; };
		F19714651595EFF80045B85B /* ForthViewController.xib */ = {isa = PBXFileReference; fileEncoding = 4; lastKnownFileType = file.xib; path = ForthViewController.xib; sourceTree = "<group>"; };
		F1989CE0159F0DB400831A16 /* buttonbg_red.png */ = {isa = PBXFileReference; lastKnownFileType = image.png; path = buttonbg_red.png; sourceTree = "<group>"; };
		F1AC561E1596147300F6A883 /* SettingsController_date.h */ = {isa = PBXFileReference; fileEncoding = 4; lastKnownFileType = sourcecode.c.h; path = SettingsController_date.h; sourceTree = "<group>"; };
		F1AC561F1596147300F6A883 /* SettingsController_date.m */ = {isa = PBXFileReference; fileEncoding = 4; lastKnownFileType = sourcecode.c.objc; path = SettingsController_date.m; sourceTree = "<group>"; };
		F1AC56201596147300F6A883 /* SettingsController_date.xib */ = {isa = PBXFileReference; fileEncoding = 4; lastKnownFileType = file.xib; path = SettingsController_date.xib; sourceTree = "<group>"; };
		F1B696631595BE3C00FC6707 /* QuartzCore.framework */ = {isa = PBXFileReference; lastKnownFileType = wrapper.framework; name = QuartzCore.framework; path = System/Library/Frameworks/QuartzCore.framework; sourceTree = SDKROOT; };
		F1B696671595CEAC00FC6707 /* LeftController.h */ = {isa = PBXFileReference; fileEncoding = 4; lastKnownFileType = sourcecode.c.h; name = LeftController.h; path = ../LeftController.h; sourceTree = "<group>"; };
		F1B696681595CEAC00FC6707 /* LeftController.m */ = {isa = PBXFileReference; fileEncoding = 4; lastKnownFileType = sourcecode.c.objc; name = LeftController.m; path = ../LeftController.m; sourceTree = "<group>"; };
		F1B6966B1595CEAC00FC6707 /* AppDelegate.h */ = {isa = PBXFileReference; fileEncoding = 4; lastKnownFileType = sourcecode.c.h; name = AppDelegate.h; path = ../AppDelegate.h; sourceTree = "<group>"; };
		F1B6966C1595CEAC00FC6707 /* AppDelegate.m */ = {isa = PBXFileReference; fileEncoding = 4; lastKnownFileType = sourcecode.c.objc; name = AppDelegate.m; path = ../AppDelegate.m; sourceTree = "<group>"; };
		F1B6966D1595CEAC00FC6707 /* DDMenuController.h */ = {isa = PBXFileReference; fileEncoding = 4; lastKnownFileType = sourcecode.c.h; name = DDMenuController.h; path = ../DDMenuController.h; sourceTree = "<group>"; };
		F1B6966E1595CEAC00FC6707 /* DDMenuController.m */ = {isa = PBXFileReference; fileEncoding = 4; lastKnownFileType = sourcecode.c.objc; name = DDMenuController.m; path = ../DDMenuController.m; sourceTree = "<group>"; };
		F1B696741595D64B00FC6707 /* nav_menu_icon@2x.png */ = {isa = PBXFileReference; lastKnownFileType = image.png; path = "nav_menu_icon@2x.png"; sourceTree = "<group>"; };
		F1B696761595D7F300FC6707 /* MainController.h */ = {isa = PBXFileReference; fileEncoding = 4; lastKnownFileType = sourcecode.c.h; path = MainController.h; sourceTree = "<group>"; };
		F1B696771595D7F300FC6707 /* MainController.m */ = {isa = PBXFileReference; fileEncoding = 4; lastKnownFileType = sourcecode.c.objc; path = MainController.m; sourceTree = "<group>"; };
		F1B696781595D7F300FC6707 /* MainController.xib */ = {isa = PBXFileReference; fileEncoding = 4; lastKnownFileType = file.xib; path = MainController.xib; sourceTree = "<group>"; };
		F1BA2DAA1599F4AC00F722DE /* SettingSelectorController.h */ = {isa = PBXFileReference; fileEncoding = 4; lastKnownFileType = sourcecode.c.h; path = SettingSelectorController.h; sourceTree = "<group>"; };
		F1BA2DAB1599F4AC00F722DE /* SettingSelectorController.m */ = {isa = PBXFileReference; fileEncoding = 4; lastKnownFileType = sourcecode.c.objc; path = SettingSelectorController.m; sourceTree = "<group>"; };
		F1BA2DAC1599F4AC00F722DE /* SettingSelectorController.xib */ = {isa = PBXFileReference; fileEncoding = 4; lastKnownFileType = file.xib; path = SettingSelectorController.xib; sourceTree = "<group>"; };
		F1BA2DB3159A08D800F722DE /* GlobalStore.h */ = {isa = PBXFileReference; fileEncoding = 4; lastKnownFileType = sourcecode.c.h; path = GlobalStore.h; sourceTree = "<group>"; };
		F1BA2DB4159A08D800F722DE /* GlobalStore.m */ = {isa = PBXFileReference; fileEncoding = 4; lastKnownFileType = sourcecode.c.objc; path = GlobalStore.m; sourceTree = "<group>"; };
		F1E6CB2B159CA88700BA2BD1 /* SettingsController.h */ = {isa = PBXFileReference; fileEncoding = 4; lastKnownFileType = sourcecode.c.h; path = SettingsController.h; sourceTree = "<group>"; };
		F1E6CB2C159CA88700BA2BD1 /* SettingsController.m */ = {isa = PBXFileReference; fileEncoding = 4; lastKnownFileType = sourcecode.c.objc; path = SettingsController.m; sourceTree = "<group>"; };
/* End PBXFileReference section */

/* Begin PBXFrameworksBuildPhase section */
		9799E74914EE687900002D70 /* Frameworks */ = {
			isa = PBXFrameworksBuildPhase;
			buildActionMask = 2147483647;
			files = (
				F1B696641595BE3C00FC6707 /* QuartzCore.framework in Frameworks */,
				9799E75114EE687900002D70 /* UIKit.framework in Frameworks */,
				9799E75314EE687900002D70 /* Foundation.framework in Frameworks */,
				9799E75514EE687900002D70 /* CoreGraphics.framework in Frameworks */,
			);
			runOnlyForDeploymentPostprocessing = 0;
		};
/* End PBXFrameworksBuildPhase section */

/* Begin PBXGroup section */
		97766E7E14EF4366003FE71F /* Tab Bar Icons */ = {
			isa = PBXGroup;
			children = (
				9704D17B14EE9A240035FE25 /* 19-gear.png */,
				9704D17C14EE9A240035FE25 /* 19-gear@2x.png */,
				9704D17D14EE9A240035FE25 /* 78-stopwatch.png */,
				9704D17E14EE9A240035FE25 /* 78-stopwatch@2x.png */,
				9704D18914EE9C130035FE25 /* 80-shopping-cart.png */,
				9704D18714EE9C0A0035FE25 /* 80-shopping-cart@2x.png */,
				9704D17F14EE9A240035FE25 /* 166-newspaper.png */,
				9704D18014EE9A240035FE25 /* 166-newspaper@2x.png */,
			);
			name = "Tab Bar Icons";
			sourceTree = "<group>";
		};
		97766E8014EF44B0003FE71F /* Ads */ = {
			isa = PBXGroup;
			children = (
				97766E8D14EF4563003FE71F /* GADBannerView.h */,
				97766E8E14EF4563003FE71F /* GADBannerViewDelegate.h */,
				97766E8F14EF4563003FE71F /* GADInterstitial.h */,
				97766E9014EF4563003FE71F /* GADInterstitialDelegate.h */,
				97766E9114EF4563003FE71F /* GADRequest.h */,
				97766E9214EF4563003FE71F /* GADRequestError.h */,
			);
			name = Ads;
			sourceTree = "<group>";
		};
		9799E74114EE687900002D70 = {
			isa = PBXGroup;
			children = (
				F1B696631595BE3C00FC6707 /* QuartzCore.framework */,
				9799E75614EE687900002D70 /* Countdown */,
				9799E74F14EE687900002D70 /* Frameworks */,
				9799E74D14EE687900002D70 /* Products */,
			);
			sourceTree = "<group>";
		};
		9799E74D14EE687900002D70 /* Products */ = {
			isa = PBXGroup;
			children = (
				9799E74C14EE687900002D70 /* countdown.app */,
			);
			name = Products;
			sourceTree = "<group>";
		};
		9799E74F14EE687900002D70 /* Frameworks */ = {
			isa = PBXGroup;
			children = (
				9799E75014EE687900002D70 /* UIKit.framework */,
				9799E75214EE687900002D70 /* Foundation.framework */,
				9799E75414EE687900002D70 /* CoreGraphics.framework */,
				9799E77914EE687A00002D70 /* SenTestingKit.framework */,
			);
			name = Frameworks;
			sourceTree = "<group>";
		};
		9799E75614EE687900002D70 /* Countdown */ = {
			isa = PBXGroup;
			children = (
				9799E79014EE68C500002D70 /* Resources */,
				9799E79314EE691900002D70 /* Code */,
				9799E75714EE687900002D70 /* Supporting Files */,
			);
			name = Countdown;
			path = countdown;
			sourceTree = "<group>";
		};
		9799E75714EE687900002D70 /* Supporting Files */ = {
			isa = PBXGroup;
			children = (
				9799E75814EE687900002D70 /* countdown-Info.plist */,
				9799E75914EE687900002D70 /* InfoPlist.strings */,
				9799E75C14EE687900002D70 /* main.m */,
				9799E75E14EE687900002D70 /* countdown-Prefix.pch */,
			);
			name = "Supporting Files";
			sourceTree = "<group>";
		};
		9799E79014EE68C500002D70 /* Resources */ = {
			isa = PBXGroup;
			children = (
				F1989CE0159F0DB400831A16 /* buttonbg_red.png */,
				F1B696741595D64B00FC6707 /* nav_menu_icon@2x.png */,
				97766E7E14EF4366003FE71F /* Tab Bar Icons */,
			);
			name = Resources;
			sourceTree = "<group>";
		};
		9799E79314EE691900002D70 /* Code */ = {
			isa = PBXGroup;
			children = (
				F1B6966B1595CEAC00FC6707 /* AppDelegate.h */,
				F1B6966C1595CEAC00FC6707 /* AppDelegate.m */,
				9799E79414EE694100002D70 /* ViewController */,
			);
			name = Code;
			sourceTree = "<group>";
		};
		9799E79414EE694100002D70 /* ViewController */ = {
			isa = PBXGroup;
			children = (
				97766E8014EF44B0003FE71F /* Ads */,
				B04C8A1D15A6DE610076D01F /* Overall */,
				B04C8A1B15A6DE540076D01F /* Theme */,
				B0BD2176159CB079001884C2 /* Individual Settings */,
			);
			name = ViewController;
			sourceTree = "<group>";
		};
		B04C8A1B15A6DE540076D01F /* Theme */ = {
			isa = PBXGroup;
			children = (
				B04C8A2A15A6E5C60076D01F /* Obsolete */,
				B04C8A2115A6E3080076D01F /* TemplateThemeController.h */,
				B04C8A2215A6E3080076D01F /* TemplateThemeController.m */,
				B04C8A2B15A6E9E00076D01F /* ThemeLoader.h */,
				B04C8A2C15A6E9E10076D01F /* ThemeLoader.m */,
				B04C8A2915A6E5B90076D01F /* PenguinOne */,
			);
			name = Theme;
			sourceTree = "<group>";
		};
		B04C8A1D15A6DE610076D01F /* Overall */ = {
			isa = PBXGroup;
			children = (
				F1B6966D1595CEAC00FC6707 /* DDMenuController.h */,
				F1B6966E1595CEAC00FC6707 /* DDMenuController.m */,
				F1BA2DB3159A08D800F722DE /* GlobalStore.h */,
				F1BA2DB4159A08D800F722DE /* GlobalStore.m */,
				F1B696671595CEAC00FC6707 /* LeftController.h */,
				F1B696681595CEAC00FC6707 /* LeftController.m */,
				B005765814F7B21200B1F03D /* SettingStore.h */,
				B005765914F7B21200B1F03D /* SettingStore.m */,
			);
			name = Overall;
			sourceTree = "<group>";
		};
		B04C8A2915A6E5B90076D01F /* PenguinOne */ = {
			isa = PBXGroup;
			children = (
				B04C8A2415A6E5A60076D01F /* PenguinOneThemeController.h */,
				B04C8A2515A6E5A60076D01F /* PenguinOneThemeController.m */,
				B04C8A2615A6E5A60076D01F /* PenguinOneThemeController.xib */,
			);
			name = PenguinOne;
			sourceTree = "<group>";
		};
		B04C8A2A15A6E5C60076D01F /* Obsolete */ = {
			isa = PBXGroup;
			children = (
				9799E76214EE687900002D70 /* OldStoryboard.storyboard */,
				F1B696761595D7F300FC6707 /* MainController.h */,
				F1B696771595D7F300FC6707 /* MainController.m */,
				F1B696781595D7F300FC6707 /* MainController.xib */,
			);
			name = Obsolete;
			sourceTree = "<group>";
		};
		B0BD2176159CB079001884C2 /* Individual Settings */ = {
			isa = PBXGroup;
			children = (
				F1BA2DAA1599F4AC00F722DE /* SettingSelectorController.h */,
				F1BA2DAB1599F4AC00F722DE /* SettingSelectorController.m */,
				F1BA2DAC1599F4AC00F722DE /* SettingSelectorController.xib */,
				F19714631595EFF80045B85B /* ForthViewController.h */,
				F19714641595EFF80045B85B /* ForthViewController.m */,
				F19714651595EFF80045B85B /* ForthViewController.xib */,
				F1E6CB2B159CA88700BA2BD1 /* SettingsController.h */,
				F1E6CB2C159CA88700BA2BD1 /* SettingsController.m */,
				F1AC561E1596147300F6A883 /* SettingsController_date.h */,
				F1AC561F1596147300F6A883 /* SettingsController_date.m */,
				F1AC56201596147300F6A883 /* SettingsController_date.xib */,
				F17FA3B7159CA5A400BAE623 /* SettingsController_time.h */,
				F17FA3B8159CA5A400BAE623 /* SettingsController_time.m */,
				F17FA3B9159CA5A400BAE623 /* SettingsController_time.xib */,
				F1503C3B15961A440061D6C3 /* SettingsController_title.h */,
				F1503C3C15961A440061D6C3 /* SettingsController_title.m */,
				F1503C3D15961A440061D6C3 /* SettingsController_title.xib */,
				F1503C4015961A6D0061D6C3 /* SettingsController_url.h */,
				F1503C4115961A6D0061D6C3 /* SettingsController_url.m */,
				F1503C4215961A6D0061D6C3 /* SettingsController_url.xib */,
			);
			name = "Individual Settings";
			sourceTree = "<group>";
		};
/* End PBXGroup section */

/* Begin PBXNativeTarget section */
		9799E74B14EE687900002D70 /* countdown */ = {
			isa = PBXNativeTarget;
			buildConfigurationList = 9799E78A14EE687A00002D70 /* Build configuration list for PBXNativeTarget "countdown" */;
			buildPhases = (
				9799E74814EE687900002D70 /* Sources */,
				9799E74914EE687900002D70 /* Frameworks */,
				9799E74A14EE687900002D70 /* Resources */,
			);
			buildRules = (
			);
			dependencies = (
			);
			name = countdown;
			productName = countdown;
			productReference = 9799E74C14EE687900002D70 /* countdown.app */;
			productType = "com.apple.product-type.application";
		};
/* End PBXNativeTarget section */

/* Begin PBXProject section */
		9799E74314EE687900002D70 /* Project object */ = {
			isa = PBXProject;
			attributes = {
				LastUpgradeCheck = 0420;
			};
			buildConfigurationList = 9799E74614EE687900002D70 /* Build configuration list for PBXProject "countdown" */;
			compatibilityVersion = "Xcode 3.2";
			developmentRegion = English;
			hasScannedForEncodings = 0;
			knownRegions = (
				en,
			);
			mainGroup = 9799E74114EE687900002D70;
			productRefGroup = 9799E74D14EE687900002D70 /* Products */;
			projectDirPath = "";
			projectRoot = "";
			targets = (
				9799E74B14EE687900002D70 /* countdown */,
			);
		};
/* End PBXProject section */

/* Begin PBXResourcesBuildPhase section */
		9799E74A14EE687900002D70 /* Resources */ = {
			isa = PBXResourcesBuildPhase;
			buildActionMask = 2147483647;
			files = (
				9799E75B14EE687900002D70 /* InfoPlist.strings in Resources */,
				9704D18114EE9A240035FE25 /* 19-gear.png in Resources */,
				9704D18214EE9A240035FE25 /* 19-gear@2x.png in Resources */,
				9704D18314EE9A240035FE25 /* 78-stopwatch.png in Resources */,
				9704D18414EE9A240035FE25 /* 78-stopwatch@2x.png in Resources */,
				9704D18514EE9A240035FE25 /* 166-newspaper.png in Resources */,
				9704D18614EE9A240035FE25 /* 166-newspaper@2x.png in Resources */,
				9704D18814EE9C0A0035FE25 /* 80-shopping-cart@2x.png in Resources */,
				9704D18A14EE9C130035FE25 /* 80-shopping-cart.png in Resources */,
				F1B696751595D64B00FC6707 /* nav_menu_icon@2x.png in Resources */,
				F1B6967A1595D7F300FC6707 /* MainController.xib in Resources */,
				F19714671595EFF80045B85B /* ForthViewController.xib in Resources */,
				F1AC56221596147400F6A883 /* SettingsController_date.xib in Resources */,
				F1503C3F15961A440061D6C3 /* SettingsController_title.xib in Resources */,
				F1503C4415961A6D0061D6C3 /* SettingsController_url.xib in Resources */,
				F1BA2DAE1599F4AC00F722DE /* SettingSelectorController.xib in Resources */,
				F17FA3BB159CA5A400BAE623 /* SettingsController_time.xib in Resources */,
				F1989CE1159F0DB400831A16 /* buttonbg_red.png in Resources */,
				B04C8A2815A6E5A70076D01F /* PenguinOneThemeController.xib in Resources */,
			);
			runOnlyForDeploymentPostprocessing = 0;
		};
/* End PBXResourcesBuildPhase section */

/* Begin PBXSourcesBuildPhase section */
		9799E74814EE687900002D70 /* Sources */ = {
			isa = PBXSourcesBuildPhase;
			buildActionMask = 2147483647;
			files = (
				9799E75D14EE687900002D70 /* main.m in Sources */,
				B005765A14F7B21200B1F03D /* SettingStore.m in Sources */,
				F1B696701595CEAC00FC6707 /* LeftController.m in Sources */,
				F1B696721595CEAC00FC6707 /* AppDelegate.m in Sources */,
				F1B696731595CEAC00FC6707 /* DDMenuController.m in Sources */,
				F1B696791595D7F300FC6707 /* MainController.m in Sources */,
				F19714661595EFF80045B85B /* ForthViewController.m in Sources */,
				F1AC56211596147400F6A883 /* SettingsController_date.m in Sources */,
				F1503C3E15961A440061D6C3 /* SettingsController_title.m in Sources */,
				F1503C4315961A6D0061D6C3 /* SettingsController_url.m in Sources */,
				F1BA2DAD1599F4AC00F722DE /* SettingSelectorController.m in Sources */,
				F1BA2DB5159A08D800F722DE /* GlobalStore.m in Sources */,
				F17FA3BA159CA5A400BAE623 /* SettingsController_time.m in Sources */,
				F1E6CB2D159CA88700BA2BD1 /* SettingsController.m in Sources */,
				B04C8A2315A6E3080076D01F /* TemplateThemeController.m in Sources */,
				B04C8A2715A6E5A70076D01F /* PenguinOneThemeController.m in Sources */,
				B04C8A2D15A6E9E10076D01F /* ThemeLoader.m in Sources */,
			);
			runOnlyForDeploymentPostprocessing = 0;
		};
/* End PBXSourcesBuildPhase section */

/* Begin PBXVariantGroup section */
		9799E75914EE687900002D70 /* InfoPlist.strings */ = {
			isa = PBXVariantGroup;
			children = (
				9799E75A14EE687900002D70 /* en */,
			);
			name = InfoPlist.strings;
			sourceTree = "<group>";
		};
		9799E76214EE687900002D70 /* OldStoryboard.storyboard */ = {
			isa = PBXVariantGroup;
			children = (
				9799E76314EE687900002D70 /* en */,
			);
			name = OldStoryboard.storyboard;
			sourceTree = "<group>";
		};
/* End PBXVariantGroup section */

/* Begin XCBuildConfiguration section */
		9799E78814EE687A00002D70 /* Debug */ = {
			isa = XCBuildConfiguration;
			buildSettings = {
				ALWAYS_SEARCH_USER_PATHS = NO;
				ARCHS = "$(ARCHS_STANDARD_32_BIT)";
				"CODE_SIGN_IDENTITY[sdk=iphoneos*]" = "iPhone Developer";
				COPY_PHASE_STRIP = NO;
				GCC_C_LANGUAGE_STANDARD = gnu99;
				GCC_DYNAMIC_NO_PIC = NO;
				GCC_OPTIMIZATION_LEVEL = 0;
				GCC_PREPROCESSOR_DEFINITIONS = (
					"DEBUG=1",
					"$(inherited)",
				);
				GCC_SYMBOLS_PRIVATE_EXTERN = NO;
				GCC_VERSION = com.apple.compilers.llvm.clang.1_0;
				GCC_WARN_ABOUT_MISSING_PROTOTYPES = YES;
				GCC_WARN_ABOUT_RETURN_TYPE = YES;
				GCC_WARN_UNUSED_VARIABLE = YES;
				IPHONEOS_DEPLOYMENT_TARGET = 5.1;
				SDKROOT = iphoneos;
			};
			name = Debug;
		};
		9799E78914EE687A00002D70 /* Release */ = {
			isa = XCBuildConfiguration;
			buildSettings = {
				ALWAYS_SEARCH_USER_PATHS = NO;
				ARCHS = "$(ARCHS_STANDARD_32_BIT)";
				"CODE_SIGN_IDENTITY[sdk=iphoneos*]" = "iPhone Developer";
				COPY_PHASE_STRIP = YES;
				GCC_C_LANGUAGE_STANDARD = gnu99;
				GCC_VERSION = com.apple.compilers.llvm.clang.1_0;
				GCC_WARN_ABOUT_MISSING_PROTOTYPES = YES;
				GCC_WARN_ABOUT_RETURN_TYPE = YES;
				GCC_WARN_UNUSED_VARIABLE = YES;
				IPHONEOS_DEPLOYMENT_TARGET = 5.1;
				OTHER_CFLAGS = "-DNS_BLOCK_ASSERTIONS=1";
				SDKROOT = iphoneos;
				VALIDATE_PRODUCT = YES;
			};
			name = Release;
		};
		9799E78B14EE687A00002D70 /* Debug */ = {
			isa = XCBuildConfiguration;
			buildSettings = {
				CODE_SIGN_IDENTITY = "iPhone Developer";
				GCC_PRECOMPILE_PREFIX_HEADER = YES;
				GCC_PREFIX_HEADER = "countdown/countdown-Prefix.pch";
				INFOPLIST_FILE = "countdown/countdown-Info.plist";
				PRODUCT_NAME = "$(TARGET_NAME)";
				PROVISIONING_PROFILE = "";
				SDKROOT = iphoneos;
				WRAPPER_EXTENSION = app;
			};
			name = Debug;
		};
		9799E78C14EE687A00002D70 /* Release */ = {
			isa = XCBuildConfiguration;
			buildSettings = {
				CODE_SIGN_IDENTITY = "iPhone Developer";
				GCC_PRECOMPILE_PREFIX_HEADER = YES;
				GCC_PREFIX_HEADER = "countdown/countdown-Prefix.pch";
				INFOPLIST_FILE = "countdown/countdown-Info.plist";
				PRODUCT_NAME = "$(TARGET_NAME)";
				PROVISIONING_PROFILE = "";
				SDKROOT = iphoneos;
				WRAPPER_EXTENSION = app;
			};
			name = Release;
		};
/* End XCBuildConfiguration section */

/* Begin XCConfigurationList section */
		9799E74614EE687900002D70 /* Build configuration list for PBXProject "countdown" */ = {
			isa = XCConfigurationList;
			buildConfigurations = (
				9799E78814EE687A00002D70 /* Debug */,
				9799E78914EE687A00002D70 /* Release */,
			);
			defaultConfigurationIsVisible = 0;
			defaultConfigurationName = Release;
		};
		9799E78A14EE687A00002D70 /* Build configuration list for PBXNativeTarget "countdown" */ = {
			isa = XCConfigurationList;
			buildConfigurations = (
				9799E78B14EE687A00002D70 /* Debug */,
				9799E78C14EE687A00002D70 /* Release */,
			);
			defaultConfigurationIsVisible = 0;
			defaultConfigurationName = Release;
		};
/* End XCConfigurationList section */
	};
	rootObject = 9799E74314EE687900002D70 /* Project object */;
}
